
Microsoft Visual Studio Solution File, Format Version 12.00
# Visual Studio Version 17
VisualStudioVersion = 17.10.35013.160
MinimumVisualStudioVersion = 10.0.40219.1
Project("{9A19103F-16F7-4668-BE54-9A1E7A4F7556}") = "ControllerLock.Test", "ControllerLock.Test\ControllerLock.Test.csproj", "{B9325BE7-6D32-4B06-8DC5-66AE5BB63228}"
EndProject
Project("{9A19103F-16F7-4668-BE54-9A1E7A4F7556}") = "ControllerLock", "ControllerLock\ControllerLock.csproj", "{8A258235-6FCD-4E9F-BB39-1D848F5DF43E}"
EndProject
Project("{FAE04EC0-301F-11D3-BF4B-00C04F79EFBC}") = "ControllerLock.FreeRedis", "ControllerLock.FreeRedis\ControllerLock.FreeRedis.csproj", "{444D521A-2117-4B0E-B31A-465BC57ADD6B}"
EndProject
Project("{FAE04EC0-301F-11D3-BF4B-00C04F79EFBC}") = "ControllerLock.Memory", "ControllerLock.Memory\ControllerLock.Memory.csproj", "{C29E81A3-6A3B-418F-9F2F-C41C93C8957B}"
EndProject
Global
	GlobalSection(SolutionConfigurationPlatforms) = preSolution
		Debug|Any CPU = Debug|Any CPU
		Release|Any CPU = Release|Any CPU
	EndGlobalSection
	GlobalSection(ProjectConfigurationPlatforms) = postSolution
		{B9325BE7-6D32-4B06-8DC5-66AE5BB63228}.Debug|Any CPU.ActiveCfg = Debug|Any CPU
		{B9325BE7-6D32-4B06-8DC5-66AE5BB63228}.Debug|Any CPU.Build.0 = Debug|Any CPU
		{B9325BE7-6D32-4B06-8DC5-66AE5BB63228}.Release|Any CPU.ActiveCfg = Release|Any CPU
		{B9325BE7-6D32-4B06-8DC5-66AE5BB63228}.Release|Any CPU.Build.0 = Release|Any CPU
		{8A258235-6FCD-4E9F-BB39-1D848F5DF43E}.Debug|Any CPU.ActiveCfg = Debug|Any CPU
		{8A258235-6FCD-4E9F-BB39-1D848F5DF43E}.Debug|Any CPU.Build.0 = Debug|Any CPU
		{8A258235-6FCD-4E9F-BB39-1D848F5DF43E}.Release|Any CPU.ActiveCfg = Release|Any CPU
		{8A258235-6FCD-4E9F-BB39-1D848F5DF43E}.Release|Any CPU.Build.0 = Release|Any CPU
		{444D521A-2117-4B0E-B31A-465BC57ADD6B}.Debug|Any CPU.ActiveCfg = Debug|Any CPU
		{444D521A-2117-4B0E-B31A-465BC57ADD6B}.Debug|Any CPU.Build.0 = Debug|Any CPU
		{444D521A-2117-4B0E-B31A-465BC57ADD6B}.Release|Any CPU.ActiveCfg = Release|Any CPU
		{444D521A-2117-4B0E-B31A-465BC57ADD6B}.Release|Any CPU.Build.0 = Release|Any CPU
		{C29E81A3-6A3B-418F-9F2F-C41C93C8957B}.Debug|Any CPU.ActiveCfg = Debug|Any CPU
		{C29E81A3-6A3B-418F-9F2F-C41C93C8957B}.Debug|Any CPU.Build.0 = Debug|Any CPU
		{C29E81A3-6A3B-418F-9F2F-C41C93C8957B}.Release|Any CPU.ActiveCfg = Release|Any CPU
		{C29E81A3-6A3B-418F-9F2F-C41C93C8957B}.Release|Any CPU.Build.0 = Release|Any CPU
	EndGlobalSection
	GlobalSection(SolutionProperties) = preSolution
		HideSolutionNode = FALSE
	EndGlobalSection
	GlobalSection(ExtensibilityGlobals) = postSolution
		SolutionGuid = {15F1B2EF-87B1-4A87-B159-919BE6EA1EC3}
	EndGlobalSection
EndGlobal
